
Microsoft Visual Studio Solution File, Format Version 12.00
# Visual Studio 15
VisualStudioVersion = 15.0.28010.2016
MinimumVisualStudioVersion = 10.0.40219.1
Project("{FAE04EC0-301F-11D3-BF4B-00C04F79EFBC}") = "DockAutoPilot", "DockAutoPilot\DockAutoPilot.csproj", "{2667059E-EC7A-4A85-9E36-CAD884675F0E}"
EndProject
Project("{FAE04EC0-301F-11D3-BF4B-00C04F79EFBC}") = "FleetController", "FleetController\FleetController.csproj", "{52658B4B-1501-4C7D-AC41-C303D6EC21F7}"
EndProject
Project("{FAE04EC0-301F-11D3-BF4B-00C04F79EFBC}") = "MiningDrone", "MiningDrone\MiningDrone.csproj", "{2CE6E9F2-6855-4E47-AE3A-965C7293E703}"
EndProject
Project("{FAE04EC0-301F-11D3-BF4B-00C04F79EFBC}") = "ReconDrone", "ReconDrone\ReconDrone.csproj", "{F6A74EBA-3110-46D8-9E62-B96C7334C7F4}"
EndProject
Global
	GlobalSection(SolutionConfigurationPlatforms) = preSolution
		Debug|x64 = Debug|x64
		Release|x64 = Release|x64
	EndGlobalSection
	GlobalSection(ProjectConfigurationPlatforms) = postSolution
		{2667059E-EC7A-4A85-9E36-CAD884675F0E}.Debug|x64.ActiveCfg = Debug|x64
		{2667059E-EC7A-4A85-9E36-CAD884675F0E}.Debug|x64.Build.0 = Debug|x64
		{2667059E-EC7A-4A85-9E36-CAD884675F0E}.Release|x64.ActiveCfg = Release|x64
		{2667059E-EC7A-4A85-9E36-CAD884675F0E}.Release|x64.Build.0 = Release|x64
		{52658B4B-1501-4C7D-AC41-C303D6EC21F7}.Debug|x64.ActiveCfg = Debug|x64
		{52658B4B-1501-4C7D-AC41-C303D6EC21F7}.Debug|x64.Build.0 = Debug|x64
		{52658B4B-1501-4C7D-AC41-C303D6EC21F7}.Release|x64.ActiveCfg = Debug|x64
		{52658B4B-1501-4C7D-AC41-C303D6EC21F7}.Release|x64.Build.0 = Debug|x64
		{2CE6E9F2-6855-4E47-AE3A-965C7293E703}.Debug|x64.ActiveCfg = Debug|x64
		{2CE6E9F2-6855-4E47-AE3A-965C7293E703}.Debug|x64.Build.0 = Debug|x64
		{2CE6E9F2-6855-4E47-AE3A-965C7293E703}.Release|x64.ActiveCfg = Debug|x64
		{2CE6E9F2-6855-4E47-AE3A-965C7293E703}.Release|x64.Build.0 = Debug|x64
		{F6A74EBA-3110-46D8-9E62-B96C7334C7F4}.Debug|x64.ActiveCfg = Debug|x64
		{F6A74EBA-3110-46D8-9E62-B96C7334C7F4}.Debug|x64.Build.0 = Debug|x64
		{F6A74EBA-3110-46D8-9E62-B96C7334C7F4}.Release|x64.ActiveCfg = Debug|x64
		{F6A74EBA-3110-46D8-9E62-B96C7334C7F4}.Release|x64.Build.0 = Debug|x64
	EndGlobalSection
	GlobalSection(SolutionProperties) = preSolution
		HideSolutionNode = FALSE
	EndGlobalSection
	GlobalSection(ExtensibilityGlobals) = postSolution
		SolutionGuid = {E461602A-B7BC-4AAD-8211-57E84EDC610C}
	EndGlobalSection
EndGlobal
